// !$*UTF8*$!
{
	archiveVersion = 1;
	classes = {
	};
	objectVersion = 51;
	objects = {

/* Begin PBXBuildFile section */
		1E45625C9848DE855021CF1C /* Pods_Coard.framework in Frameworks */ = {isa = PBXBuildFile; fileRef = 35B6F049776898A2456532FB /* Pods_Coard.framework */; };
		710FA2BB24144BEE00C6E883 /* Extensions.swift in Sources */ = {isa = PBXBuildFile; fileRef = 710FA2BA24144BEE00C6E883 /* Extensions.swift */; };
		710FA2BE2415813800C6E883 /* LoginController.swift in Sources */ = {isa = PBXBuildFile; fileRef = 710FA2BD2415813800C6E883 /* LoginController.swift */; };
		710FA2C0241581D300C6E883 /* RegistrationController.swift in Sources */ = {isa = PBXBuildFile; fileRef = 710FA2BF241581D300C6E883 /* RegistrationController.swift */; };
		710FA2C224158E5D00C6E883 /* Utilities.swift in Sources */ = {isa = PBXBuildFile; fileRef = 710FA2C124158E5D00C6E883 /* Utilities.swift */; };
		7140748E2425EEDA000CA4F8 /* Constants.swift in Sources */ = {isa = PBXBuildFile; fileRef = 7140748D2425EEDA000CA4F8 /* Constants.swift */; };
		714CA4D4242099BE00A33F60 /* GoogleService-Info.plist in Resources */ = {isa = PBXBuildFile; fileRef = 714CA4D3242099BE00A33F60 /* GoogleService-Info.plist */; };
		71F6F12F240E0F8C00C3B65C /* AppDelegate.swift in Sources */ = {isa = PBXBuildFile; fileRef = 71F6F12E240E0F8C00C3B65C /* AppDelegate.swift */; };
		71F6F131240E0F8C00C3B65C /* SceneDelegate.swift in Sources */ = {isa = PBXBuildFile; fileRef = 71F6F130240E0F8C00C3B65C /* SceneDelegate.swift */; };
		71F6F136240E0F8C00C3B65C /* Main.storyboard in Resources */ = {isa = PBXBuildFile; fileRef = 71F6F134240E0F8C00C3B65C /* Main.storyboard */; };
		71F6F138240E0F9400C3B65C /* Assets.xcassets in Resources */ = {isa = PBXBuildFile; fileRef = 71F6F137240E0F9400C3B65C /* Assets.xcassets */; };
		71F6F13B240E0F9400C3B65C /* LaunchScreen.storyboard in Resources */ = {isa = PBXBuildFile; fileRef = 71F6F139240E0F9400C3B65C /* LaunchScreen.storyboard */; };
		71F6F14A240E1B0B00C3B65C /* MainTabController.swift in Sources */ = {isa = PBXBuildFile; fileRef = 71F6F149240E1B0B00C3B65C /* MainTabController.swift */; };
		71F6F14C240E1E0D00C3B65C /* FeedController.swift in Sources */ = {isa = PBXBuildFile; fileRef = 71F6F14B240E1E0D00C3B65C /* FeedController.swift */; };
		71F6F14E240E1E7700C3B65C /* ExploreController.swift in Sources */ = {isa = PBXBuildFile; fileRef = 71F6F14D240E1E7700C3B65C /* ExploreController.swift */; };
		71F6F150240E1E8B00C3B65C /* NotificationsController.swift in Sources */ = {isa = PBXBuildFile; fileRef = 71F6F14F240E1E8B00C3B65C /* NotificationsController.swift */; };
		71F6F152240E1E9800C3B65C /* ConversationsController.swift in Sources */ = {isa = PBXBuildFile; fileRef = 71F6F151240E1E9800C3B65C /* ConversationsController.swift */; };
/* End PBXBuildFile section */

/* Begin PBXFileReference section */
		35B6F049776898A2456532FB /* Pods_Coard.framework */ = {isa = PBXFileReference; explicitFileType = wrapper.framework; includeInIndex = 0; path = Pods_Coard.framework; sourceTree = BUILT_PRODUCTS_DIR; };
		51BDADE27CF25CCCCC678B8F /* Pods-Coard.release.xcconfig */ = {isa = PBXFileReference; includeInIndex = 1; lastKnownFileType = text.xcconfig; name = "Pods-Coard.release.xcconfig"; path = "Target Support Files/Pods-Coard/Pods-Coard.release.xcconfig"; sourceTree = "<group>"; };
		710FA2BA24144BEE00C6E883 /* Extensions.swift */ = {isa = PBXFileReference; lastKnownFileType = sourcecode.swift; path = Extensions.swift; sourceTree = "<group>"; };
		710FA2BD2415813800C6E883 /* LoginController.swift */ = {isa = PBXFileReference; lastKnownFileType = sourcecode.swift; path = LoginController.swift; sourceTree = "<group>"; };
		710FA2BF241581D300C6E883 /* RegistrationController.swift */ = {isa = PBXFileReference; lastKnownFileType = sourcecode.swift; path = RegistrationController.swift; sourceTree = "<group>"; };
		710FA2C124158E5D00C6E883 /* Utilities.swift */ = {isa = PBXFileReference; lastKnownFileType = sourcecode.swift; path = Utilities.swift; sourceTree = "<group>"; };
		7140748D2425EEDA000CA4F8 /* Constants.swift */ = {isa = PBXFileReference; lastKnownFileType = sourcecode.swift; path = Constants.swift; sourceTree = "<group>"; };
		714CA4D3242099BE00A33F60 /* GoogleService-Info.plist */ = {isa = PBXFileReference; lastKnownFileType = text.plist; path = "GoogleService-Info.plist"; sourceTree = SOURCE_ROOT; };
		71F6F12B240E0F8C00C3B65C /* Coard.app */ = {isa = PBXFileReference; explicitFileType = wrapper.application; includeInIndex = 0; path = Coard.app; sourceTree = BUILT_PRODUCTS_DIR; };
		71F6F12E240E0F8C00C3B65C /* AppDelegate.swift */ = {isa = PBXFileReference; lastKnownFileType = sourcecode.swift; path = AppDelegate.swift; sourceTree = "<group>"; };
		71F6F130240E0F8C00C3B65C /* SceneDelegate.swift */ = {isa = PBXFileReference; lastKnownFileType = sourcecode.swift; path = SceneDelegate.swift; sourceTree = "<group>"; };
		71F6F135240E0F8C00C3B65C /* Base */ = {isa = PBXFileReference; lastKnownFileType = file.storyboard; name = Base; path = Base.lproj/Main.storyboard; sourceTree = "<group>"; };
		71F6F137240E0F9400C3B65C /* Assets.xcassets */ = {isa = PBXFileReference; lastKnownFileType = folder.assetcatalog; path = Assets.xcassets; sourceTree = "<group>"; };
		71F6F13A240E0F9400C3B65C /* Base */ = {isa = PBXFileReference; lastKnownFileType = file.storyboard; name = Base; path = Base.lproj/LaunchScreen.storyboard; sourceTree = "<group>"; };
		71F6F13C240E0F9400C3B65C /* Info.plist */ = {isa = PBXFileReference; lastKnownFileType = text.plist.xml; path = Info.plist; sourceTree = "<group>"; };
		71F6F149240E1B0B00C3B65C /* MainTabController.swift */ = {isa = PBXFileReference; lastKnownFileType = sourcecode.swift; path = MainTabController.swift; sourceTree = "<group>"; };
		71F6F14B240E1E0D00C3B65C /* FeedController.swift */ = {isa = PBXFileReference; lastKnownFileType = sourcecode.swift; path = FeedController.swift; sourceTree = "<group>"; };
		71F6F14D240E1E7700C3B65C /* ExploreController.swift */ = {isa = PBXFileReference; lastKnownFileType = sourcecode.swift; path = ExploreController.swift; sourceTree = "<group>"; };
		71F6F14F240E1E8B00C3B65C /* NotificationsController.swift */ = {isa = PBXFileReference; lastKnownFileType = sourcecode.swift; path = NotificationsController.swift; sourceTree = "<group>"; };
		71F6F151240E1E9800C3B65C /* ConversationsController.swift */ = {isa = PBXFileReference; lastKnownFileType = sourcecode.swift; path = ConversationsController.swift; sourceTree = "<group>"; };
		AB8236B7FA4E8D1189716773 /* Pods-Coard.debug.xcconfig */ = {isa = PBXFileReference; includeInIndex = 1; lastKnownFileType = text.xcconfig; name = "Pods-Coard.debug.xcconfig"; path = "Target Support Files/Pods-Coard/Pods-Coard.debug.xcconfig"; sourceTree = "<group>"; };
/* End PBXFileReference section */

/* Begin PBXFrameworksBuildPhase section */
		71F6F128240E0F8C00C3B65C /* Frameworks */ = {
			isa = PBXFrameworksBuildPhase;
			buildActionMask = 2147483647;
			files = (
				1E45625C9848DE855021CF1C /* Pods_Coard.framework in Frameworks */,
			);
			runOnlyForDeploymentPostprocessing = 0;
		};
/* End PBXFrameworksBuildPhase section */

/* Begin PBXGroup section */
		633B9A243C49B29402ADC910 /* Frameworks */ = {
			isa = PBXGroup;
			children = (
				35B6F049776898A2456532FB /* Pods_Coard.framework */,
			);
			name = Frameworks;
			sourceTree = "<group>";
		};
		710FA2BC2415811F00C6E883 /* Authentication */ = {
			isa = PBXGroup;
			children = (
				710FA2BD2415813800C6E883 /* LoginController.swift */,
				710FA2BF241581D300C6E883 /* RegistrationController.swift */,
			);
			path = Authentication;
			sourceTree = "<group>";
		};
		71F6F122240E0F8C00C3B65C = {
			isa = PBXGroup;
			children = (
				71F6F12D240E0F8C00C3B65C /* Coard */,
				71F6F12C240E0F8C00C3B65C /* Products */,
				9A606AAD7F458F3F26E249A2 /* Pods */,
				633B9A243C49B29402ADC910 /* Frameworks */,
			);
			sourceTree = "<group>";
		};
		71F6F12C240E0F8C00C3B65C /* Products */ = {
			isa = PBXGroup;
			children = (
				71F6F12B240E0F8C00C3B65C /* Coard.app */,
			);
			name = Products;
			sourceTree = "<group>";
		};
		71F6F12D240E0F8C00C3B65C /* Coard */ = {
			isa = PBXGroup;
			children = (
				71F6F148240E19BC00C3B65C /* Model */,
				71F6F147240E19B400C3B65C /* View */,
				71F6F145240E19A700C3B65C /* ViewModel */,
				71F6F144240E19A300C3B65C /* Controller */,
				71F6F143240E19A100C3B65C /* API */,
				71F6F142240E199F00C3B65C /* Utils */,
				71F6F12E240E0F8C00C3B65C /* AppDelegate.swift */,
				71F6F130240E0F8C00C3B65C /* SceneDelegate.swift */,
				71F6F134240E0F8C00C3B65C /* Main.storyboard */,
				71F6F137240E0F9400C3B65C /* Assets.xcassets */,
				71F6F139240E0F9400C3B65C /* LaunchScreen.storyboard */,
				714CA4D3242099BE00A33F60 /* GoogleService-Info.plist */,
				71F6F13C240E0F9400C3B65C /* Info.plist */,
			);
			path = Coard;
			sourceTree = "<group>";
		};
		71F6F142240E199F00C3B65C /* Utils */ = {
			isa = PBXGroup;
			children = (
				710FA2BA24144BEE00C6E883 /* Extensions.swift */,
				710FA2C124158E5D00C6E883 /* Utilities.swift */,
				7140748D2425EEDA000CA4F8 /* Constants.swift */,
			);
			path = Utils;
			sourceTree = "<group>";
		};
		71F6F143240E19A100C3B65C /* API */ = {
			isa = PBXGroup;
			children = (
			);
			path = API;
			sourceTree = "<group>";
		};
		71F6F144240E19A300C3B65C /* Controller */ = {
			isa = PBXGroup;
			children = (
				710FA2BC2415811F00C6E883 /* Authentication */,
				71F6F149240E1B0B00C3B65C /* MainTabController.swift */,
				71F6F14B240E1E0D00C3B65C /* FeedController.swift */,
				71F6F14D240E1E7700C3B65C /* ExploreController.swift */,
				71F6F14F240E1E8B00C3B65C /* NotificationsController.swift */,
				71F6F151240E1E9800C3B65C /* ConversationsController.swift */,
			);
			path = Controller;
			sourceTree = "<group>";
		};
		71F6F145240E19A700C3B65C /* ViewModel */ = {
			isa = PBXGroup;
			children = (
			);
			path = ViewModel;
			sourceTree = "<group>";
		};
		71F6F147240E19B400C3B65C /* View */ = {
			isa = PBXGroup;
			children = (
			);
			path = View;
			sourceTree = "<group>";
		};
		71F6F148240E19BC00C3B65C /* Model */ = {
			isa = PBXGroup;
			children = (
			);
			path = Model;
			sourceTree = "<group>";
		};
		9A606AAD7F458F3F26E249A2 /* Pods */ = {
			isa = PBXGroup;
			children = (
				AB8236B7FA4E8D1189716773 /* Pods-Coard.debug.xcconfig */,
				51BDADE27CF25CCCCC678B8F /* Pods-Coard.release.xcconfig */,
			);
			path = Pods;
			sourceTree = "<group>";
		};
/* End PBXGroup section */

/* Begin PBXNativeTarget section */
		71F6F12A240E0F8C00C3B65C /* Coard */ = {
			isa = PBXNativeTarget;
			buildConfigurationList = 71F6F13F240E0F9400C3B65C /* Build configuration list for PBXNativeTarget "Coard" */;
			buildPhases = (
				3BEE7580F59915262EBFD359 /* [CP] Check Pods Manifest.lock */,
				71F6F127240E0F8C00C3B65C /* Sources */,
				71F6F128240E0F8C00C3B65C /* Frameworks */,
				71F6F129240E0F8C00C3B65C /* Resources */,
				76CCEE58C7034BAC917838F6 /* [CP] Embed Pods Frameworks */,
			);
			buildRules = (
			);
			dependencies = (
			);
			name = Coard;
			productName = Coard;
			productReference = 71F6F12B240E0F8C00C3B65C /* Coard.app */;
			productType = "com.apple.product-type.application";
		};
/* End PBXNativeTarget section */

/* Begin PBXProject section */
		71F6F123240E0F8C00C3B65C /* Project object */ = {
			isa = PBXProject;
			attributes = {
				LastSwiftUpdateCheck = 1130;
				LastUpgradeCheck = 1130;
				ORGANIZATIONNAME = Frap;
				TargetAttributes = {
					71F6F12A240E0F8C00C3B65C = {
						CreatedOnToolsVersion = 11.3.1;
					};
				};
			};
			buildConfigurationList = 71F6F126240E0F8C00C3B65C /* Build configuration list for PBXProject "Coard" */;
			compatibilityVersion = "Xcode 9.3";
			developmentRegion = en;
			hasScannedForEncodings = 0;
			knownRegions = (
				en,
				Base,
			);
			mainGroup = 71F6F122240E0F8C00C3B65C;
			productRefGroup = 71F6F12C240E0F8C00C3B65C /* Products */;
			projectDirPath = "";
			projectRoot = "";
			targets = (
				71F6F12A240E0F8C00C3B65C /* Coard */,
			);
		};
/* End PBXProject section */

/* Begin PBXResourcesBuildPhase section */
		71F6F129240E0F8C00C3B65C /* Resources */ = {
			isa = PBXResourcesBuildPhase;
			buildActionMask = 2147483647;
			files = (
				71F6F13B240E0F9400C3B65C /* LaunchScreen.storyboard in Resources */,
				714CA4D4242099BE00A33F60 /* GoogleService-Info.plist in Resources */,
				71F6F138240E0F9400C3B65C /* Assets.xcassets in Resources */,
				71F6F136240E0F8C00C3B65C /* Main.storyboard in Resources */,
			);
			runOnlyForDeploymentPostprocessing = 0;
		};
/* End PBXResourcesBuildPhase section */

/* Begin PBXShellScriptBuildPhase section */
		3BEE7580F59915262EBFD359 /* [CP] Check Pods Manifest.lock */ = {
			isa = PBXShellScriptBuildPhase;
			buildActionMask = 2147483647;
			files = (
			);
			inputFileListPaths = (
			);
			inputPaths = (
				"${PODS_PODFILE_DIR_PATH}/Podfile.lock",
				"${PODS_ROOT}/Manifest.lock",
			);
			name = "[CP] Check Pods Manifest.lock";
			outputFileListPaths = (
			);
			outputPaths = (
				"$(DERIVED_FILE_DIR)/Pods-Coard-checkManifestLockResult.txt",
			);
			runOnlyForDeploymentPostprocessing = 0;
			shellPath = /bin/sh;
			shellScript = "diff \"${PODS_PODFILE_DIR_PATH}/Podfile.lock\" \"${PODS_ROOT}/Manifest.lock\" > /dev/null\nif [ $? != 0 ] ; then\n    # print error to STDERR\n    echo \"error: The sandbox is not in sync with the Podfile.lock. Run 'pod install' or update your CocoaPods installation.\" >&2\n    exit 1\nfi\n# This output is used by Xcode 'outputs' to avoid re-running this script phase.\necho \"SUCCESS\" > \"${SCRIPT_OUTPUT_FILE_0}\"\n";
			showEnvVarsInLog = 0;
		};
		76CCEE58C7034BAC917838F6 /* [CP] Embed Pods Frameworks */ = {
			isa = PBXShellScriptBuildPhase;
			buildActionMask = 2147483647;
			files = (
			);
			inputFileListPaths = (
				"${PODS_ROOT}/Target Support Files/Pods-Coard/Pods-Coard-frameworks-${CONFIGURATION}-input-files.xcfilelist",
			);
			name = "[CP] Embed Pods Frameworks";
			outputFileListPaths = (
				"${PODS_ROOT}/Target Support Files/Pods-Coard/Pods-Coard-frameworks-${CONFIGURATION}-output-files.xcfilelist",
			);
			runOnlyForDeploymentPostprocessing = 0;
			shellPath = /bin/sh;
			shellScript = "\"${PODS_ROOT}/Target Support Files/Pods-Coard/Pods-Coard-frameworks.sh\"\n";
			showEnvVarsInLog = 0;
		};
/* End PBXShellScriptBuildPhase section */

/* Begin PBXSourcesBuildPhase section */
		71F6F127240E0F8C00C3B65C /* Sources */ = {
			isa = PBXSourcesBuildPhase;
			buildActionMask = 2147483647;
			files = (
				71F6F150240E1E8B00C3B65C /* NotificationsController.swift in Sources */,
				71F6F152240E1E9800C3B65C /* ConversationsController.swift in Sources */,
				710FA2C224158E5D00C6E883 /* Utilities.swift in Sources */,
				71F6F12F240E0F8C00C3B65C /* AppDelegate.swift in Sources */,
				710FA2BB24144BEE00C6E883 /* Extensions.swift in Sources */,
				71F6F14E240E1E7700C3B65C /* ExploreController.swift in Sources */,
				71F6F131240E0F8C00C3B65C /* SceneDelegate.swift in Sources */,
				71F6F14A240E1B0B00C3B65C /* MainTabController.swift in Sources */,
				710FA2BE2415813800C6E883 /* LoginController.swift in Sources */,
				710FA2C0241581D300C6E883 /* RegistrationController.swift in Sources */,
				71F6F14C240E1E0D00C3B65C /* FeedController.swift in Sources */,
				7140748E2425EEDA000CA4F8 /* Constants.swift in Sources */,
			);
			runOnlyForDeploymentPostprocessing = 0;
		};
/* End PBXSourcesBuildPhase section */

/* Begin PBXVariantGroup section */
		71F6F134240E0F8C00C3B65C /* Main.storyboard */ = {
			isa = PBXVariantGroup;
			children = (
				71F6F135240E0F8C00C3B65C /* Base */,
			);
			name = Main.storyboard;
			sourceTree = "<group>";
		};
		71F6F139240E0F9400C3B65C /* LaunchScreen.storyboard */ = {
			isa = PBXVariantGroup;
			children = (
				71F6F13A240E0F9400C3B65C /* Base */,
			);
			name = LaunchScreen.storyboard;
			sourceTree = "<group>";
		};
/* End PBXVariantGroup section */

/* Begin XCBuildConfiguration section */
		71F6F13D240E0F9400C3B65C /* Debug */ = {
			isa = XCBuildConfiguration;
			buildSettings = {
				ALWAYS_SEARCH_USER_PATHS = NO;
				CLANG_ANALYZER_NONNULL = YES;
				CLANG_ANALYZER_NUMBER_OBJECT_CONVERSION = YES_AGGRESSIVE;
				CLANG_CXX_LANGUAGE_STANDARD = "gnu++14";
				CLANG_CXX_LIBRARY = "libc++";
				CLANG_ENABLE_MODULES = YES;
				CLANG_ENABLE_OBJC_ARC = YES;
				CLANG_ENABLE_OBJC_WEAK = YES;
				CLANG_WARN_BLOCK_CAPTURE_AUTORELEASING = YES;
				CLANG_WARN_BOOL_CONVERSION = YES;
				CLANG_WARN_COMMA = YES;
				CLANG_WARN_CONSTANT_CONVERSION = YES;
				CLANG_WARN_DEPRECATED_OBJC_IMPLEMENTATIONS = YES;
				CLANG_WARN_DIRECT_OBJC_ISA_USAGE = YES_ERROR;
				CLANG_WARN_DOCUMENTATION_COMMENTS = YES;
				CLANG_WARN_EMPTY_BODY = YES;
				CLANG_WARN_ENUM_CONVERSION = YES;
				CLANG_WARN_INFINITE_RECURSION = YES;
				CLANG_WARN_INT_CONVERSION = YES;
				CLANG_WARN_NON_LITERAL_NULL_CONVERSION = YES;
				CLANG_WARN_OBJC_IMPLICIT_RETAIN_SELF = YES;
				CLANG_WARN_OBJC_LITERAL_CONVERSION = YES;
				CLANG_WARN_OBJC_ROOT_CLASS = YES_ERROR;
				CLANG_WARN_RANGE_LOOP_ANALYSIS = YES;
				CLANG_WARN_STRICT_PROTOTYPES = YES;
				CLANG_WARN_SUSPICIOUS_MOVE = YES;
				CLANG_WARN_UNGUARDED_AVAILABILITY = YES_AGGRESSIVE;
				CLANG_WARN_UNREACHABLE_CODE = YES;
				CLANG_WARN__DUPLICATE_METHOD_MATCH = YES;
				COPY_PHASE_STRIP = NO;
				DEBUG_INFORMATION_FORMAT = dwarf;
				ENABLE_STRICT_OBJC_MSGSEND = YES;
				ENABLE_TESTABILITY = YES;
				GCC_C_LANGUAGE_STANDARD = gnu11;
				GCC_DYNAMIC_NO_PIC = NO;
				GCC_NO_COMMON_BLOCKS = YES;
				GCC_OPTIMIZATION_LEVEL = 0;
				GCC_PREPROCESSOR_DEFINITIONS = (
					"DEBUG=1",
					"$(inherited)",
				);
				GCC_WARN_64_TO_32_BIT_CONVERSION = YES;
				GCC_WARN_ABOUT_RETURN_TYPE = YES_ERROR;
				GCC_WARN_UNDECLARED_SELECTOR = YES;
				GCC_WARN_UNINITIALIZED_AUTOS = YES_AGGRESSIVE;
				GCC_WARN_UNUSED_FUNCTION = YES;
				GCC_WARN_UNUSED_VARIABLE = YES;
				IPHONEOS_DEPLOYMENT_TARGET = 13.2;
				MTL_ENABLE_DEBUG_INFO = INCLUDE_SOURCE;
				MTL_FAST_MATH = YES;
				ONLY_ACTIVE_ARCH = YES;
				SDKROOT = iphoneos;
				SWIFT_ACTIVE_COMPILATION_CONDITIONS = DEBUG;
				SWIFT_OPTIMIZATION_LEVEL = "-Onone";
			};
			name = Debug;
		};
		71F6F13E240E0F9400C3B65C /* Release */ = {
			isa = XCBuildConfiguration;
			buildSettings = {
				ALWAYS_SEARCH_USER_PATHS = NO;
				CLANG_ANALYZER_NONNULL = YES;
				CLANG_ANALYZER_NUMBER_OBJECT_CONVERSION = YES_AGGRESSIVE;
				CLANG_CXX_LANGUAGE_STANDARD = "gnu++14";
				CLANG_CXX_LIBRARY = "libc++";
				CLANG_ENABLE_MODULES = YES;
				CLANG_ENABLE_OBJC_ARC = YES;
				CLANG_ENABLE_OBJC_WEAK = YES;
				CLANG_WARN_BLOCK_CAPTURE_AUTORELEASING = YES;
				CLANG_WARN_BOOL_CONVERSION = YES;
				CLANG_WARN_COMMA = YES;
				CLANG_WARN_CONSTANT_CONVERSION = YES;
				CLANG_WARN_DEPRECATED_OBJC_IMPLEMENTATIONS = YES;
				CLANG_WARN_DIRECT_OBJC_ISA_USAGE = YES_ERROR;
				CLANG_WARN_DOCUMENTATION_COMMENTS = YES;
				CLANG_WARN_EMPTY_BODY = YES;
				CLANG_WARN_ENUM_CONVERSION = YES;
				CLANG_WARN_INFINITE_RECURSION = YES;
				CLANG_WARN_INT_CONVERSION = YES;
				CLANG_WARN_NON_LITERAL_NULL_CONVERSION = YES;
				CLANG_WARN_OBJC_IMPLICIT_RETAIN_SELF = YES;
				CLANG_WARN_OBJC_LITERAL_CONVERSION = YES;
				CLANG_WARN_OBJC_ROOT_CLASS = YES_ERROR;
				CLANG_WARN_RANGE_LOOP_ANALYSIS = YES;
				CLANG_WARN_STRICT_PROTOTYPES = YES;
				CLANG_WARN_SUSPICIOUS_MOVE = YES;
				CLANG_WARN_UNGUARDED_AVAILABILITY = YES_AGGRESSIVE;
				CLANG_WARN_UNREACHABLE_CODE = YES;
				CLANG_WARN__DUPLICATE_METHOD_MATCH = YES;
				COPY_PHASE_STRIP = NO;
				DEBUG_INFORMATION_FORMAT = "dwarf-with-dsym";
				ENABLE_NS_ASSERTIONS = NO;
				ENABLE_STRICT_OBJC_MSGSEND = YES;
				GCC_C_LANGUAGE_STANDARD = gnu11;
				GCC_NO_COMMON_BLOCKS = YES;
				GCC_WARN_64_TO_32_BIT_CONVERSION = YES;
				GCC_WARN_ABOUT_RETURN_TYPE = YES_ERROR;
				GCC_WARN_UNDECLARED_SELECTOR = YES;
				GCC_WARN_UNINITIALIZED_AUTOS = YES_AGGRESSIVE;
				GCC_WARN_UNUSED_FUNCTION = YES;
				GCC_WARN_UNUSED_VARIABLE = YES;
				IPHONEOS_DEPLOYMENT_TARGET = 13.2;
				MTL_ENABLE_DEBUG_INFO = NO;
				MTL_FAST_MATH = YES;
				SDKROOT = iphoneos;
				SWIFT_COMPILATION_MODE = wholemodule;
				SWIFT_OPTIMIZATION_LEVEL = "-O";
				VALIDATE_PRODUCT = YES;
			};
			name = Release;
		};
		71F6F140240E0F9400C3B65C /* Debug */ = {
			isa = XCBuildConfiguration;
			baseConfigurationReference = AB8236B7FA4E8D1189716773 /* Pods-Coard.debug.xcconfig */;
			buildSettings = {
				ASSETCATALOG_COMPILER_APPICON_NAME = AppIcon;
				CODE_SIGN_STYLE = Automatic;
				DEVELOPMENT_TEAM = 2239276LU9;
				INFOPLIST_FILE = Coard/Info.plist;
				LD_RUNPATH_SEARCH_PATHS = (
					"$(inherited)",
					"@executable_path/Frameworks",
				);
				PRODUCT_BUNDLE_IDENTIFIER = com.frap.Coard;
				PRODUCT_NAME = "$(TARGET_NAME)";
				SWIFT_VERSION = 5.0;
				TARGETED_DEVICE_FAMILY = "1,2";
			};
			name = Debug;
		};
		71F6F141240E0F9400C3B65C /* Release */ = {
			isa = XCBuildConfiguration;
			baseConfigurationReference = 51BDADE27CF25CCCCC678B8F /* Pods-Coard.release.xcconfig */;
			buildSettings = {
				ASSETCATALOG_COMPILER_APPICON_NAME = AppIcon;
				CODE_SIGN_STYLE = Automatic;
				DEVELOPMENT_TEAM = 2239276LU9;
				INFOPLIST_FILE = Coard/Info.plist;
				LD_RUNPATH_SEARCH_PATHS = (
					"$(inherited)",
					"@executable_path/Frameworks",
				);
				PRODUCT_BUNDLE_IDENTIFIER = com.frap.Coard;
				PRODUCT_NAME = "$(TARGET_NAME)";
				SWIFT_VERSION = 5.0;
				TARGETED_DEVICE_FAMILY = "1,2";
			};
			name = Release;
		};
/* End XCBuildConfiguration section */

/* Begin XCConfigurationList section */
		71F6F126240E0F8C00C3B65C /* Build configuration list for PBXProject "Coard" */ = {
			isa = XCConfigurationList;
			buildConfigurations = (
				71F6F13D240E0F9400C3B65C /* Debug */,
				71F6F13E240E0F9400C3B65C /* Release */,
			);
			defaultConfigurationIsVisible = 0;
			defaultConfigurationName = Release;
		};
		71F6F13F240E0F9400C3B65C /* Build configuration list for PBXNativeTarget "Coard" */ = {
			isa = XCConfigurationList;
			buildConfigurations = (
				71F6F140240E0F9400C3B65C /* Debug */,
				71F6F141240E0F9400C3B65C /* Release */,
			);
			defaultConfigurationIsVisible = 0;
			defaultConfigurationName = Release;
		};
/* End XCConfigurationList section */
	};
	rootObject = 71F6F123240E0F8C00C3B65C /* Project object */;
}
